
Microsoft Visual Studio Solution File, Format Version 12.00
# Visual Studio Version 17
VisualStudioVersion = 17.7.34031.279
MinimumVisualStudioVersion = 10.0.40219.1
Project("{FAE04EC0-301F-11D3-BF4B-00C04F79EFBC}") = "Pizzeria", "Pizzeria\Pizzeria.csproj", "{ADCD6343-ED81-4D0A-B5BF-FA0A70BA1284}"
EndProject
Global
	GlobalSection(SolutionConfigurationPlatforms) = preSolution
		Debug|Any CPU = Debug|Any CPU
		Release|Any CPU = Release|Any CPU
	EndGlobalSection
	GlobalSection(ProjectConfigurationPlatforms) = postSolution
		{ADCD6343-ED81-4D0A-B5BF-FA0A70BA1284}.Debug|Any CPU.ActiveCfg = Debug|Any CPU
		{ADCD6343-ED81-4D0A-B5BF-FA0A70BA1284}.Debug|Any CPU.Build.0 = Debug|Any CPU
		{ADCD6343-ED81-4D0A-B5BF-FA0A70BA1284}.Release|Any CPU.ActiveCfg = Release|Any CPU
		{ADCD6343-ED81-4D0A-B5BF-FA0A70BA1284}.Release|Any CPU.Build.0 = Release|Any CPU
	EndGlobalSection
	GlobalSection(SolutionProperties) = preSolution
		HideSolutionNode = FALSE
	EndGlobalSection
	GlobalSection(ExtensibilityGlobals) = postSolution
		SolutionGuid = {5C1F3BCE-A482-491B-AD88-84ED73FA2A2F}
	EndGlobalSection
EndGlobal
